
Microsoft Visual Studio Solution File, Format Version 12.00
# Visual Studio Version 17
VisualStudioVersion = 17.11.35327.3
MinimumVisualStudioVersion = 10.0.40219.1
Project("{FAE04EC0-301F-11D3-BF4B-00C04F79EFBC}") = "StoreSystem", "StoreSystem\StoreSystem.csproj", "{47A63348-650F-4034-8D20-AFA19724429B}"
EndProject
Global
	GlobalSection(SolutionConfigurationPlatforms) = preSolution
		Debug|Any CPU = Debug|Any CPU
		Release|Any CPU = Release|Any CPU
	EndGlobalSection
	GlobalSection(ProjectConfigurationPlatforms) = postSolution
		{47A63348-650F-4034-8D20-AFA19724429B}.Debug|Any CPU.ActiveCfg = Debug|Any CPU
		{47A63348-650F-4034-8D20-AFA19724429B}.Debug|Any CPU.Build.0 = Debug|Any CPU
		{47A63348-650F-4034-8D20-AFA19724429B}.Release|Any CPU.ActiveCfg = Release|Any CPU
		{47A63348-650F-4034-8D20-AFA19724429B}.Release|Any CPU.Build.0 = Release|Any CPU
	EndGlobalSection
	GlobalSection(SolutionProperties) = preSolution
		HideSolutionNode = FALSE
	EndGlobalSection
	GlobalSection(ExtensibilityGlobals) = postSolution
		SolutionGuid = {40B3472D-A5F1-47A5-8D57-7E1573384C33}
	EndGlobalSection
EndGlobal
